<?xml version="1.0" encoding="utf-8"?>
<Project ToolsVersion="4.0" xmlns="http://schemas.microsoft.com/developer/msbuild/2003">
  <ItemGroup>
    <Filter Include="源文件">
      <UniqueIdentifier>{4FC737F1-C7A5-4376-A066-2A32D752A2FF}</UniqueIdentifier>
      <Extensions>cpp;c;cc;cxx;def;odl;idl;hpj;bat;asm;asmx</Extensions>
    </Filter>
    <Filter Include="头文件">
      <UniqueIdentifier>{93995380-89BD-4b04-88EB-625FBE52EBFB}</UniqueIdentifier>
      <Extensions>h;hpp;hxx;hm;inl;inc;xsd</Extensions>
    </Filter>
    <Filter Include="资源文件">
      <UniqueIdentifier>{67DA6AB6-F800-4c08-8B7A-83BB121AAD01}</UniqueIdentifier>
      <Extensions>rc;ico;cur;bmp;dlg;rc2;rct;bin;rgs;gif;jpg;jpeg;jpe;resx;tiff;tif;png;wav;mfcribbon-ms</Extensions>
    </Filter>
    <Filter Include="detours">
      <UniqueIdentifier>{49d1b2b7-3bb0-460d-9219-a2312b8a8d41}</UniqueIdentifier>
    </Filter>
    <Filter Include="recorders">
      <UniqueIdentifier>{da6a4689-63ec-429c-9567-78ddd6c8817a}</UniqueIdentifier>
    </Filter>
  </ItemGroup>
  <ItemGroup>
    <ClCompile Include="detours\creatwth.cpp">
      <Filter>detours</Filter>
    </ClCompile>
    <ClCompile Include="detours\detours.cpp">
      <Filter>detours</Filter>
    </ClCompile>
    <ClCompile Include="detours\disasm.cpp">
      <Filter>detours</Filter>
    </ClCompile>
    <ClCompile Include="detours\image.cpp">
      <Filter>detours</Filter>
    </ClCompile>
    <ClCompile Include="detours\modules.cpp">
      <Filter>detours</Filter>
    </ClCompile>
    <ClCompile Include="detours\uimports.cpp">
      <Filter>detours</Filter>
    </ClCompile>
    <ClCompile Include="signal.cpp">
      <Filter>源文件</Filter>
    </ClCompile>
    <ClCompile Include="function_type.cpp">
      <Filter>源文件</Filter>
    </ClCompile>
    <ClCompile Include="hook_impl.cpp">
      <Filter>源文件</Filter>
    </ClCompile>
    <ClCompile Include="hook_manager.cpp">
      <Filter>源文件</Filter>
    </ClCompile>
    <ClCompile Include="dbg_helper.cpp">
      <Filter>源文件</Filter>
    </ClCompile>
  </ItemGroup>
  <ItemGroup>
    <ClInclude Include="detours\detours.h">
      <Filter>detours</Filter>
    </ClInclude>
    <ClInclude Include="detours\detver.h">
      <Filter>detours</Filter>
    </ClInclude>
    <ClInclude Include="detours\syelog.h">
      <Filter>detours</Filter>
    </ClInclude>
    <ClInclude Include="signal.hpp">
      <Filter>头文件</Filter>
    </ClInclude>
    <ClInclude Include="function_type.hpp">
      <Filter>头文件</Filter>
    </ClInclude>
    <ClInclude Include="hook_impl.h">
      <Filter>头文件</Filter>
    </ClInclude>
    <ClInclude Include="hook_manager.h">
      <Filter>头文件</Filter>
    </ClInclude>
    <ClInclude Include="singleton.hpp">
      <Filter>头文件</Filter>
    </ClInclude>
    <ClInclude Include="tracer.h">
      <Filter>头文件</Filter>
    </ClInclude>
    <ClInclude Include="dbg_helper.h">
      <Filter>头文件</Filter>
    </ClInclude>
    <ClInclude Include="signal_keeper.hpp">
      <Filter>头文件</Filter>
    </ClInclude>
    <ClInclude Include="real_func_keeper.hpp">
      <Filter>头文件</Filter>
    </ClInclude>
    <ClInclude Include="fake_func_keeper.hpp">
      <Filter>头文件</Filter>
    </ClInclude>
    <ClInclude Include="trace_normal_func.hpp">
      <Filter>头文件</Filter>
    </ClInclude>
    <ClInclude Include="trace_member_func.hpp">
      <Filter>头文件</Filter>
    </ClInclude>
    <ClInclude Include="call_count_recorder.hpp">
      <Filter>recorders</Filter>
    </ClInclude>
    <ClInclude Include="arg_recorder.hpp">
      <Filter>recorders</Filter>
    </ClInclude>
  </ItemGroup>
</Project>